version: 1
checksums:
  b0daba8558b3d85d5ba1a676a327e36b:
    locale: cdbbce7452d5b27f1b4ad1eec67ea0fb
    translations/7094232483852755137: 28c157fc038483066266862db9a3b7c6
    translations/2086845410344323555: ddd20b7e9160c8420bc73aef2488065a
    translations/2384275768076025587: c6c3eb830883e59f45a8c6fd8e840bd2
    translations/8615733208373410791: 0ec76703ab3214cdf67573fd7942313d
    translations/2313330064534275231: 635c79476bebe4f3e40b39c6b838242b
    translations/7141455732502728919: 77a057ce64bddf62ee6ea85eff39c7ca
    translations/592832304357046809: 5c439b692ca6b5d6e9fda9971377e4c5
    translations/5682689869753177682: 746bb54883d339024b7847a8a9dc4ef9
    translations/5848926127131984823: 8331e054363444d3504c140d1d5119aa
    translations/7472120567666233612: 1157745fcfcda9d9b20d7ede772fb581
    translations/6398158611743113975: 04f36aa8940117a8e5b18a3ab64a4cff
    translations/2089282189246574965: e93d9f1a0985112833917769bfc9f6b2
    translations/5682872366739872313: bd90e12dbe4e480683c65a56f52b9bae
    translations/2088837236053777780: 6a84e46bebf19937a72e2f473422301c
    translations/5639931265242079179: bd84d83982c78bc4203d7a21fe17eb26
    translations/8015770530279596828: e6145e719e8bbd89ec47b67756ea37d4
    translations/8437676821683850974: 52b05f44610872e64cfa24b88c66ea9f
    translations/445284822999806982: 0df39dee3b46b26d918d29990d2a47a8
    translations/6797127544142530764: 7d29e9de62d446d86f10467b720b83ea
    translations/5103788378973384072: 0a43dae170adffd6e82fc484440a2af7
    translations/1002165214775409029: 7d34c49cdc321c9359a418d3dac87619
    translations/91566049711067964: d5fb5b8f1235def14f615a7234f0dcb9
    translations/3168646965600741452: 90454fcd0ddeef7da21eecd324726d83
    translations/8658763919034243675: 46ee53e0d11481d21cc78278b1600056
    translations/7898498167381493741: c42947f2d20d302355f41fb42691c453
    translations/6199970710440207668: fb451dd23b74981e7591b6c622457438
    translations/3945887288055702476: ae5ff399ee18011044db9d587b5fa39a
    translations/2484324893403540398: 7e7a6c2b275f8879e2620b31f358d275
    translations/7323585320910374190: 5ec26941839eb84729978b4dece0a7c8
    translations/5800248886218841469: c3db43800f856f1658a5a5d53abe3e10
    translations/8081201316413628592: c6b2c228c54306bd8051b971727dca23
    translations/5384513921267256701: d4cad27c96a8541c0f73b2e0732d915b
    translations/5225812844122756286: c4e6c2d4ae9b11fce34a97265b526b7f
    translations/5570657891975441616: 26a8bbc93e5de7461829cac024ff586e
    translations/376216588593450144: 38146e2bbc95e47dc4d67754c2cdaf35
    translations/4556667596532955586: a157e691e5f1a84b1f16ccbb38ac04bd
    translations/2671443947897929968: e29ea2d1fcea41c8dd84f143c61e1278
    translations/8694152891464331013: 2d3d6248dfc83440412091929dfd2872
    translations/8424832084074586775: 7def0df343c9d71335f40311d68777a5
    translations/6784447179039191411: f4b32130d01dd476fe7835562f2ce9d0
    translations/9124845352230022921: cf69092faa7ff3056b950609065992bd
    translations/6770780856048118826: 7cecb6f78a22639aa711b3703466ee28
    translations/4416228235367236140: ac6f3e9537bd42435ab60ad621b6236a
    translations/1094443336239904636: 693a77654c5bec88dc1d33b84ba2abe4
    translations/1009458292282941090: 2986f3a32f1808bfe8d7ffc8a6498051
    translations/351310070363883457: f6adceb6b46ef5bb7e004e52a3de2a62
    translations/6871442150686463829: ed798aa98c20fe3a4848ddd90bf99e6b
    translations/7389100300508670219: a0d4223375f4af828a31ddd9b8d9d11f
    translations/443338397075832646: ec0b598f8960df6044b315c0fc019a31
    translations/1313041891971110980: da0a507035edfcd4adff20c8a4b2c422
    translations/5651919642788893427: adc2bd8818a820b883cf8d6b29c4bb13
    translations/8301433623879967649: c5e3cbc795879f0eb3dc3de30fe9e003
    translations/1726363342938046830: 944521eeeed2511833d2299931273c71
    translations/2806917038528218276: 47e0ee2eb40b4e7e732e05e2233fc71c
    translations/7136888919962092730: 2a0cc1faf653e9ca97786acee96ffbde
    translations/7751010942038334793: 7feb9b36be2028520ffe37de06505148
    translations/9040361513231775562: 28027f3f83d0160897d9b7ac9efb6dfa
    translations/1593487004300420140: 7f4c50b99fc1deb042888aa7d8da6f10
    translations/6090931838305354672: 462c6a536b52873e4498785c66dd48c8
    translations/6877113876835666202: ac2bcac75151e2fcd9eb768cea275a77
    translations/4380633316564245451: 9f3b9bfaf718dd8a538631963a0ac741
    translations/5457938796893098392: 91d25f99820903a36a6b7eea51de6cae
    translations/2753974000617980972: 660ab46cef318a08976ed9e5ce558c32
    translations/6826811918483122474: bf23f7398ae27d4b7b05da9ccfc6c35e
    translations/5197867175745105643: 3f3521e7b9fb989d6f0210d2d7eb8ea5
    translations/3803870259817764187: 81d3cfcb9780e61b8ab5fdf0e41ef2e3
    translations/7142931308556842370: 20982b1f3bd3f207089d291feeb6db21
    translations/5911811315473556454: 12b212d1d5589a95db793643adbcf645
    translations/4408434446768194192: 27270975b2fcc6054bd3fc86016f4e29
    translations/1639983571387101796: a98dd4fdf30881117f47645153651904
    translations/830402028635517714: 5399bac1dde1f0274112585687f66f03
    translations/7827651306934501524: 31df242297f636c68a82ca8869814bf1
    translations/5281227276444502692: 155101f79ad49ead356b54da43a2c7fd
    translations/4829130993566371375: b9b7adb674b9c985f674ea936b57a170
    translations/4886060632681025478: ceb7e00dd35dc5746bc302feaa283b83
    translations/3170590758504682760: 6e094c28901bce699e12f74eb31856b0
    translations/7059343022889714521: 518bb950578ed04792afe7d401ceb919
    translations/5167058908129841972: 43ce9b694df648d7f33cf14b6e546183
    translations/3960262764918665886: ea2fa555758076902ff1ee089a1fe896
    translations/8797545663390613009: 2ea147161f3ce2ad90539f195f81e94a
    translations/3059179901871900662: 3fa21c20143e4a7c0fc61caa7239a037
    translations/5085629880205974494: dd66a06178cfddd30a934f12aa4ad0fe
    translations/7985439063821491751: b2f7c9eb6d35559ea376bcf993a42e44
    translations/2295347991181869040: 65b83894fa12414bd43288e54a60ffcc
    translations/5189874639534471174: 7fd7634eb69f853fac5013abf1e56f38
    translations/7265284669508265539: a59933b3b1127fa82521d85a66842477
    translations/3483434184498128158: 9e47898deadfc0afe9bd396a645d1acf
    translations/4822967305784339054: 856cd9ab925c634dcce29ce620cc1e6c
    translations/2696928045407300691: 4739c91669c5011428a287fca2c5f7f1
    translations/1470080550915053362: 48ef50611114b8649954f4ae4f86cc0b
    translations/5749136651731630072: fc7cd408c2259c42105f2c3bbd5076db
    translations/2246729095086022321: 73c65bb824af3a4b9ef193f894646ceb
    translations/1643781435742575327: 5ca38791dfc79eac87ac41160166f67e
    translations/4415632916802055353: dad54e17193944913a7764f766215fc1
    translations/4166753842100853709: f6ee291f69728c0be0be2224ecaa6e8b
    translations/401906258186747552: 7e124ffe4525b5ffb0a40eed0dd959e3
    translations/4078546483118283134: 0412a49650c5339e08eb2d40af97a83a
    translations/6248661674395533112: b89e807508b6632d2d45ec7778001d3a
    translations/5828379357055435850: d77e2235267ff169af410337e0db4c5d
    translations/134025950860375051: 69667c0a5677756cd8599d82bb95d6fc
    translations/1765052667024264217: c6f9e66eabd09c792b1736e65637ead5
    translations/5579873229969669628: bb797c8ebe6a31d97be40d82de36e450
    translations/6664809979338509861: 394a77156096e1ec1aa66824545b4b5c
